{
  "name": "Final_Project",
  "lockfileVersion": 3,
  "requires": true,
  "packages": {
    "": {
      "dependencies": {
        "voyage": "^0.0.1"
      }
    },
    "node_modules/voyage": {
      "version": "0.0.1",
      "resolved": "https://registry.npmjs.org/voyage/-/voyage-0.0.1.tgz",
      "integrity": "sha512-4pE89mU6qfJhCwsWdgKsBOPBnc+I1Nh1H8pUn1bmUSwC+AyesQ4i43EexsKmyvcI/5NS8SfnVukVfmyL32oc4w=="
    }
  }
}
